
Microsoft Visual Studio Solution File, Format Version 12.00
# Visual Studio Version 16
VisualStudioVersion = 16.0.30717.126
MinimumVisualStudioVersion = 10.0.40219.1
Project("{FAE04EC0-301F-11D3-BF4B-00C04F79EFBC}") = "CRM_System", "CRM_System\CRM_System.csproj", "{3B9EBE97-18E6-452C-B411-36E63047D433}"
EndProject
Project("{FAE04EC0-301F-11D3-BF4B-00C04F79EFBC}") = "CRM_Context", "CRM.Context\CRM_Context.csproj", "{7ABBDBE4-6C2E-495B-8A56-D99288867F88}"
EndProject
Project("{FAE04EC0-301F-11D3-BF4B-00C04F79EFBC}") = "CRM_Model", "CRM.Model\CRM_Model.csproj", "{40D96444-3FF1-428B-86A7-687FAFDB9C53}"
EndProject
Project("{FAE04EC0-301F-11D3-BF4B-00C04F79EFBC}") = "UnitTestClient", "UnitTestClient\UnitTestClient.csproj", "{ADEE16F7-1061-4385-8CCA-54E88549B44E}"
EndProject
Global
	GlobalSection(SolutionConfigurationPlatforms) = preSolution
		Debug|Any CPU = Debug|Any CPU
		Release|Any CPU = Release|Any CPU
	EndGlobalSection
	GlobalSection(ProjectConfigurationPlatforms) = postSolution
		{3B9EBE97-18E6-452C-B411-36E63047D433}.Debug|Any CPU.ActiveCfg = Debug|Any CPU
		{3B9EBE97-18E6-452C-B411-36E63047D433}.Debug|Any CPU.Build.0 = Debug|Any CPU
		{3B9EBE97-18E6-452C-B411-36E63047D433}.Release|Any CPU.ActiveCfg = Release|Any CPU
		{3B9EBE97-18E6-452C-B411-36E63047D433}.Release|Any CPU.Build.0 = Release|Any CPU
		{7ABBDBE4-6C2E-495B-8A56-D99288867F88}.Debug|Any CPU.ActiveCfg = Debug|Any CPU
		{7ABBDBE4-6C2E-495B-8A56-D99288867F88}.Debug|Any CPU.Build.0 = Debug|Any CPU
		{7ABBDBE4-6C2E-495B-8A56-D99288867F88}.Release|Any CPU.ActiveCfg = Release|Any CPU
		{7ABBDBE4-6C2E-495B-8A56-D99288867F88}.Release|Any CPU.Build.0 = Release|Any CPU
		{40D96444-3FF1-428B-86A7-687FAFDB9C53}.Debug|Any CPU.ActiveCfg = Debug|Any CPU
		{40D96444-3FF1-428B-86A7-687FAFDB9C53}.Debug|Any CPU.Build.0 = Debug|Any CPU
		{40D96444-3FF1-428B-86A7-687FAFDB9C53}.Release|Any CPU.ActiveCfg = Release|Any CPU
		{40D96444-3FF1-428B-86A7-687FAFDB9C53}.Release|Any CPU.Build.0 = Release|Any CPU
		{ADEE16F7-1061-4385-8CCA-54E88549B44E}.Debug|Any CPU.ActiveCfg = Debug|Any CPU
		{ADEE16F7-1061-4385-8CCA-54E88549B44E}.Debug|Any CPU.Build.0 = Debug|Any CPU
		{ADEE16F7-1061-4385-8CCA-54E88549B44E}.Release|Any CPU.ActiveCfg = Release|Any CPU
		{ADEE16F7-1061-4385-8CCA-54E88549B44E}.Release|Any CPU.Build.0 = Release|Any CPU
	EndGlobalSection
	GlobalSection(SolutionProperties) = preSolution
		HideSolutionNode = FALSE
	EndGlobalSection
	GlobalSection(ExtensibilityGlobals) = postSolution
		SolutionGuid = {FBE33040-4633-4DD9-ABE9-EB5158BF839D}
	EndGlobalSection
EndGlobal
